
Microsoft Visual Studio Solution File, Format Version 12.00
# Visual Studio 2015
Project("{FAE04EC0-301F-11D3-BF4B-00C04F79EFBC}") = "ravatarTest.Plugins", "ravatarTest.Plugins.csproj", "{245A935A-A15C-6F67-467D-93F89F4DA31E}"
EndProject
Project("{FAE04EC0-301F-11D3-BF4B-00C04F79EFBC}") = "ravatarTest", "ravatarTest.csproj", "{4399CFBB-604C-595F-A01B-6AA2C7E5C735}"
EndProject
Project("{FAE04EC0-301F-11D3-BF4B-00C04F79EFBC}") = "ravatarTest.Editor", "ravatarTest.Editor.csproj", "{B0629F7B-595E-6B32-DE93-F8C2B755CFFD}"
EndProject
Global
	GlobalSection(SolutionConfigurationPlatforms) = preSolution
		Debug|Any CPU = Debug|Any CPU
		Release|Any CPU = Release|Any CPU
	EndGlobalSection
	GlobalSection(ProjectConfigurationPlatforms) = postSolution
		{245A935A-A15C-6F67-467D-93F89F4DA31E}.Debug|Any CPU.ActiveCfg = Debug|Any CPU
		{245A935A-A15C-6F67-467D-93F89F4DA31E}.Debug|Any CPU.Build.0 = Debug|Any CPU
		{245A935A-A15C-6F67-467D-93F89F4DA31E}.Release|Any CPU.ActiveCfg = Release|Any CPU
		{245A935A-A15C-6F67-467D-93F89F4DA31E}.Release|Any CPU.Build.0 = Release|Any CPU
		{4399CFBB-604C-595F-A01B-6AA2C7E5C735}.Debug|Any CPU.ActiveCfg = Debug|Any CPU
		{4399CFBB-604C-595F-A01B-6AA2C7E5C735}.Debug|Any CPU.Build.0 = Debug|Any CPU
		{4399CFBB-604C-595F-A01B-6AA2C7E5C735}.Release|Any CPU.ActiveCfg = Release|Any CPU
		{4399CFBB-604C-595F-A01B-6AA2C7E5C735}.Release|Any CPU.Build.0 = Release|Any CPU
		{B0629F7B-595E-6B32-DE93-F8C2B755CFFD}.Debug|Any CPU.ActiveCfg = Debug|Any CPU
		{B0629F7B-595E-6B32-DE93-F8C2B755CFFD}.Debug|Any CPU.Build.0 = Debug|Any CPU
		{B0629F7B-595E-6B32-DE93-F8C2B755CFFD}.Release|Any CPU.ActiveCfg = Release|Any CPU
		{B0629F7B-595E-6B32-DE93-F8C2B755CFFD}.Release|Any CPU.Build.0 = Release|Any CPU
	EndGlobalSection
	GlobalSection(SolutionProperties) = preSolution
		HideSolutionNode = FALSE
	EndGlobalSection
EndGlobal
