
Microsoft Visual Studio Solution File, Format Version 12.00
# Visual Studio 2015
Project("{FAE04EC0-301F-11D3-BF4B-00C04F79EFBC}") = "ravatar.Plugins", "ravatar.Plugins.csproj", "{51BCFEBC-F622-D879-9ADF-1FDD168213B9}"
EndProject
Project("{FAE04EC0-301F-11D3-BF4B-00C04F79EFBC}") = "ravatar", "ravatar.csproj", "{C3EC9E06-6987-F76F-48FE-F49AB4F34E9D}"
EndProject
Project("{FAE04EC0-301F-11D3-BF4B-00C04F79EFBC}") = "ravatar.Editor", "ravatar.Editor.csproj", "{457990A6-3EE6-3EC9-8048-728B3A9B2610}"
EndProject
Global
	GlobalSection(SolutionConfigurationPlatforms) = preSolution
		Debug|Any CPU = Debug|Any CPU
		Release|Any CPU = Release|Any CPU
	EndGlobalSection
	GlobalSection(ProjectConfigurationPlatforms) = postSolution
		{51BCFEBC-F622-D879-9ADF-1FDD168213B9}.Debug|Any CPU.ActiveCfg = Debug|Any CPU
		{51BCFEBC-F622-D879-9ADF-1FDD168213B9}.Debug|Any CPU.Build.0 = Debug|Any CPU
		{51BCFEBC-F622-D879-9ADF-1FDD168213B9}.Release|Any CPU.ActiveCfg = Release|Any CPU
		{51BCFEBC-F622-D879-9ADF-1FDD168213B9}.Release|Any CPU.Build.0 = Release|Any CPU
		{C3EC9E06-6987-F76F-48FE-F49AB4F34E9D}.Debug|Any CPU.ActiveCfg = Debug|Any CPU
		{C3EC9E06-6987-F76F-48FE-F49AB4F34E9D}.Debug|Any CPU.Build.0 = Debug|Any CPU
		{C3EC9E06-6987-F76F-48FE-F49AB4F34E9D}.Release|Any CPU.ActiveCfg = Release|Any CPU
		{C3EC9E06-6987-F76F-48FE-F49AB4F34E9D}.Release|Any CPU.Build.0 = Release|Any CPU
		{457990A6-3EE6-3EC9-8048-728B3A9B2610}.Debug|Any CPU.ActiveCfg = Debug|Any CPU
		{457990A6-3EE6-3EC9-8048-728B3A9B2610}.Debug|Any CPU.Build.0 = Debug|Any CPU
		{457990A6-3EE6-3EC9-8048-728B3A9B2610}.Release|Any CPU.ActiveCfg = Release|Any CPU
		{457990A6-3EE6-3EC9-8048-728B3A9B2610}.Release|Any CPU.Build.0 = Release|Any CPU
	EndGlobalSection
	GlobalSection(SolutionProperties) = preSolution
		HideSolutionNode = FALSE
	EndGlobalSection
EndGlobal
